Microsoft Visual Studio Solution File, Format Version 12.00
# Visual Studio 2013
Project("{F184B08F-C81C-45F6-A57F-5ABD9991F28F}") = "HorizontalMerging", "HorizontalMerging\HorizontalMerging.vbproj", "{B1ADA0E2-40C2-4FF4-A04F-F1B26B0861AD}"
EndProject
Global
	GlobalSection(SolutionConfigurationPlatforms) = preSolution
		Debug|x86 = Debug|x86
		Release|x86 = Release|x86
	EndGlobalSection
	GlobalSection(ProjectConfigurationPlatforms) = postSolution
		{B1ADA0E2-40C2-4FF4-A04F-F1B26B0861AD}.Debug|x86.ActiveCfg = Debug|x86
		{B1ADA0E2-40C2-4FF4-A04F-F1B26B0861AD}.Debug|x86.Build.0 = Debug|x86
		{B1ADA0E2-40C2-4FF4-A04F-F1B26B0861AD}.Release|x86.ActiveCfg = Release|x86
		{B1ADA0E2-40C2-4FF4-A04F-F1B26B0861AD}.Release|x86.Build.0 = Release|x86
	EndGlobalSection
	GlobalSection(SolutionProperties) = preSolution
		HideSolutionNode = FALSE
	EndGlobalSection
EndGlobal
